// !$*UTF8*$!
{
	archiveVersion = 1;
	classes = {
	};
	objectVersion = 46;
	objects = {

/* Begin PBXBuildFile section */
		DA67087E1D89991E00CEBD6F /* main.m in Sources */ = {isa = PBXBuildFile; fileRef = DA67087D1D89991E00CEBD6F /* main.m */; };
		DA6708811D89991E00CEBD6F /* AppDelegate.m in Sources */ = {isa = PBXBuildFile; fileRef = DA6708801D89991E00CEBD6F /* AppDelegate.m */; };
		DA6708841D89991E00CEBD6F /* ViewController.m in Sources */ = {isa = PBXBuildFile; fileRef = DA6708831D89991E00CEBD6F /* ViewController.m */; };
		DA6708871D89991E00CEBD6F /* Main.storyboard in Resources */ = {isa = PBXBuildFile; fileRef = DA6708851D89991E00CEBD6F /* Main.storyboard */; };
		DA6708891D89991E00CEBD6F /* Assets.xcassets in Resources */ = {isa = PBXBuildFile; fileRef = DA6708881D89991E00CEBD6F /* Assets.xcassets */; };
		DA67088C1D89991E00CEBD6F /* LaunchScreen.storyboard in Resources */ = {isa = PBXBuildFile; fileRef = DA67088A1D89991E00CEBD6F /* LaunchScreen.storyboard */; };
		DA6708971D89991F00CEBD6F /* asdfTests.m in Sources */ = {isa = PBXBuildFile; fileRef = DA6708961D89991F00CEBD6F /* asdfTests.m */; };
		DA6708A21D89991F00CEBD6F /* asdfUITests.m in Sources */ = {isa = PBXBuildFile; fileRef = DA6708A11D89991F00CEBD6F /* asdfUITests.m */; };
/* End PBXBuildFile section */

/* Begin PBXContainerItemProxy section */
		DA6708931D89991E00CEBD6F /* PBXContainerItemProxy */ = {
			isa = PBXContainerItemProxy;
			containerPortal = DA6708711D89991E00CEBD6F /* Project object */;
			proxyType = 1;
			remoteGlobalIDString = DA6708781D89991E00CEBD6F;
			remoteInfo = asdf;
		};
		DA67089E1D89991F00CEBD6F /* PBXContainerItemProxy */ = {
			isa = PBXContainerItemProxy;
			containerPortal = DA6708711D89991E00CEBD6F /* Project object */;
			proxyType = 1;
			remoteGlobalIDString = DA6708781D89991E00CEBD6F;
			remoteInfo = asdf;
		};
/* End PBXContainerItemProxy section */

/* Begin PBXFileReference section */
		DA6708791D89991E00CEBD6F /* asdf.app */ = {isa = PBXFileReference; explicitFileType = wrapper.application; includeInIndex = 0; path = asdf.app; sourceTree = BUILT_PRODUCTS_DIR; };
		DA67087D1D89991E00CEBD6F /* main.m */ = {isa = PBXFileReference; lastKnownFileType = sourcecode.c.objc; path = main.m; sourceTree = "<group>"; };
		DA67087F1D89991E00CEBD6F /* AppDelegate.h */ = {isa = PBXFileReference; lastKnownFileType = sourcecode.c.h; path = AppDelegate.h; sourceTree = "<group>"; };
		DA6708801D89991E00CEBD6F /* AppDelegate.m */ = {isa = PBXFileReference; lastKnownFileType = sourcecode.c.objc; path = AppDelegate.m; sourceTree = "<group>"; };
		DA6708821D89991E00CEBD6F /* ViewController.h */ = {isa = PBXFileReference; lastKnownFileType = sourcecode.c.h; path = ViewController.h; sourceTree = "<group>"; };
		DA6708831D89991E00CEBD6F /* ViewController.m */ = {isa = PBXFileReference; lastKnownFileType = sourcecode.c.objc; path = ViewController.m; sourceTree = "<group>"; };
		DA6708861D89991E00CEBD6F /* Base */ = {isa = PBXFileReference; lastKnownFileType = file.storyboard; name = Base; path = Base.lproj/Main.storyboard; sourceTree = "<group>"; };
		DA6708881D89991E00CEBD6F /* Assets.xcassets */ = {isa = PBXFileReference; lastKnownFileType = folder.assetcatalog; path = Assets.xcassets; sourceTree = "<group>"; };
		DA67088B1D89991E00CEBD6F /* Base */ = {isa = PBXFileReference; lastKnownFileType = file.storyboard; name = Base; path = Base.lproj/LaunchScreen.storyboard; sourceTree = "<group>"; };
		DA67088D1D89991E00CEBD6F /* Info.plist */ = {isa = PBXFileReference; lastKnownFileType = text.plist.xml; path = Info.plist; sourceTree = "<group>"; };
		DA6708921D89991E00CEBD6F /* asdfTests.xctest */ = {isa = PBXFileReference; explicitFileType = wrapper.cfbundle; includeInIndex = 0; path = asdfTests.xctest; sourceTree = BUILT_PRODUCTS_DIR; };
		DA6708961D89991F00CEBD6F /* asdfTests.m */ = {isa = PBXFileReference; lastKnownFileType = sourcecode.c.objc; path = asdfTests.m; sourceTree = "<group>"; };
		DA6708981D89991F00CEBD6F /* Info.plist */ = {isa = PBXFileReference; lastKnownFileType = text.plist.xml; path = Info.plist; sourceTree = "<group>"; };
		DA67089D1D89991F00CEBD6F /* asdfUITests.xctest */ = {isa = PBXFileReference; explicitFileType = wrapper.cfbundle; includeInIndex = 0; path = asdfUITests.xctest; sourceTree = BUILT_PRODUCTS_DIR; };
		DA6708A11D89991F00CEBD6F /* asdfUITests.m */ = {isa = PBXFileReference; lastKnownFileType = sourcecode.c.objc; path = asdfUITests.m; sourceTree = "<group>"; };
		DA6708A31D89991F00CEBD6F /* Info.plist */ = {isa = PBXFileReference; lastKnownFileType = text.plist.xml; path = Info.plist; sourceTree = "<group>"; };
/* End PBXFileReference section */

/* Begin PBXFrameworksBuildPhase section */
		DA6708761D89991E00CEBD6F /* Frameworks */ = {
			isa = PBXFrameworksBuildPhase;
			buildActionMask = 2147483647;
			files = (
			);
			runOnlyForDeploymentPostprocessing = 0;
		};
		DA67088F1D89991E00CEBD6F /* Frameworks */ = {
			isa = PBXFrameworksBuildPhase;
			buildActionMask = 2147483647;
			files = (
			);
			runOnlyForDeploymentPostprocessing = 0;
		};
		DA67089A1D89991F00CEBD6F /* Frameworks */ = {
			isa = PBXFrameworksBuildPhase;
			buildActionMask = 2147483647;
			files = (
			);
			runOnlyForDeploymentPostprocessing = 0;
		};
/* End PBXFrameworksBuildPhase section */

/* Begin PBXGroup section */
		DA6708701D89991E00CEBD6F = {
			isa = PBXGroup;
			children = (
				DA67087B1D89991E00CEBD6F /* asdf */,
				DA6708951D89991E00CEBD6F /* asdfTests */,
				DA6708A01D89991F00CEBD6F /* asdfUITests */,
				DA67087A1D89991E00CEBD6F /* Products */,
			);
			sourceTree = "<group>";
		};
		DA67087A1D89991E00CEBD6F /* Products */ = {
			isa = PBXGroup;
			children = (
				DA6708791D89991E00CEBD6F /* asdf.app */,
				DA6708921D89991E00CEBD6F /* asdfTests.xctest */,
				DA67089D1D89991F00CEBD6F /* asdfUITests.xctest */,
			);
			name = Products;
			sourceTree = "<group>";
		};
		DA67087B1D89991E00CEBD6F /* asdf */ = {
			isa = PBXGroup;
			children = (
				DA67087F1D89991E00CEBD6F /* AppDelegate.h */,
				DA6708801D89991E00CEBD6F /* AppDelegate.m */,
				DA6708821D89991E00CEBD6F /* ViewController.h */,
				DA6708831D89991E00CEBD6F /* ViewController.m */,
				DA6708851D89991E00CEBD6F /* Main.storyboard */,
				DA6708881D89991E00CEBD6F /* Assets.xcassets */,
				DA67088A1D89991E00CEBD6F /* LaunchScreen.storyboard */,
				DA67088D1D89991E00CEBD6F /* Info.plist */,
				DA67087C1D89991E00CEBD6F /* Supporting Files */,
			);
			path = asdf;
			sourceTree = "<group>";
		};
		DA67087C1D89991E00CEBD6F /* Supporting Files */ = {
			isa = PBXGroup;
			children = (
				DA67087D1D89991E00CEBD6F /* main.m */,
			);
			name = "Supporting Files";
			sourceTree = "<group>";
		};
		DA6708951D89991E00CEBD6F /* asdfTests */ = {
			isa = PBXGroup;
			children = (
				DA6708961D89991F00CEBD6F /* asdfTests.m */,
				DA6708981D89991F00CEBD6F /* Info.plist */,
			);
			path = asdfTests;
			sourceTree = "<group>";
		};
		DA6708A01D89991F00CEBD6F /* asdfUITests */ = {
			isa = PBXGroup;
			children = (
				DA6708A11D89991F00CEBD6F /* asdfUITests.m */,
				DA6708A31D89991F00CEBD6F /* Info.plist */,
			);
			path = asdfUITests;
			sourceTree = "<group>";
		};
/* End PBXGroup section */

/* Begin PBXNativeTarget section */
		DA6708781D89991E00CEBD6F /* asdf */ = {
			isa = PBXNativeTarget;
			buildConfigurationList = DA6708A61D89991F00CEBD6F /* Build configuration list for PBXNativeTarget "asdf" */;
			buildPhases = (
				DA6708751D89991E00CEBD6F /* Sources */,
				DA6708761D89991E00CEBD6F /* Frameworks */,
				DA6708771D89991E00CEBD6F /* Resources */,
			);
			buildRules = (
			);
			dependencies = (
			);
			name = asdf;
			productName = asdf;
			productReference = DA6708791D89991E00CEBD6F /* asdf.app */;
			productType = "com.apple.product-type.application";
		};
		DA6708911D89991E00CEBD6F /* asdfTests */ = {
			isa = PBXNativeTarget;
			buildConfigurationList = DA6708A91D89991F00CEBD6F /* Build configuration list for PBXNativeTarget "asdfTests" */;
			buildPhases = (
				DA67088E1D89991E00CEBD6F /* Sources */,
				DA67088F1D89991E00CEBD6F /* Frameworks */,
				DA6708901D89991E00CEBD6F /* Resources */,
			);
			buildRules = (
			);
			dependencies = (
				DA6708941D89991E00CEBD6F /* PBXTargetDependency */,
			);
			name = asdfTests;
			productName = asdfTests;
			productReference = DA6708921D89991E00CEBD6F /* asdfTests.xctest */;
			productType = "com.apple.product-type.bundle.unit-test";
		};
		DA67089C1D89991F00CEBD6F /* asdfUITests */ = {
			isa = PBXNativeTarget;
			buildConfigurationList = DA6708AC1D89991F00CEBD6F /* Build configuration list for PBXNativeTarget "asdfUITests" */;
			buildPhases = (
				DA6708991D89991F00CEBD6F /* Sources */,
				DA67089A1D89991F00CEBD6F /* Frameworks */,
				DA67089B1D89991F00CEBD6F /* Resources */,
			);
			buildRules = (
			);
			dependencies = (
				DA67089F1D89991F00CEBD6F /* PBXTargetDependency */,
			);
			name = asdfUITests;
			productName = asdfUITests;
			productReference = DA67089D1D89991F00CEBD6F /* asdfUITests.xctest */;
			productType = "com.apple.product-type.bundle.ui-testing";
		};
/* End PBXNativeTarget section */

/* Begin PBXProject section */
		DA6708711D89991E00CEBD6F /* Project object */ = {
			isa = PBXProject;
			attributes = {
				LastUpgradeCheck = 0730;
				ORGANIZATIONNAME = jaddoshaddo;
				TargetAttributes = {
					DA6708781D89991E00CEBD6F = {
						CreatedOnToolsVersion = 7.3.1;
					};
					DA6708911D89991E00CEBD6F = {
						CreatedOnToolsVersion = 7.3.1;
						TestTargetID = DA6708781D89991E00CEBD6F;
					};
					DA67089C1D89991F00CEBD6F = {
						CreatedOnToolsVersion = 7.3.1;
						TestTargetID = DA6708781D89991E00CEBD6F;
					};
				};
			};
			buildConfigurationList = DA6708741D89991E00CEBD6F /* Build configuration list for PBXProject "asdf" */;
			compatibilityVersion = "Xcode 3.2";
			developmentRegion = English;
			hasScannedForEncodings = 0;
			knownRegions = (
				en,
				Base,
			);
			mainGroup = DA6708701D89991E00CEBD6F;
			productRefGroup = DA67087A1D89991E00CEBD6F /* Products */;
			projectDirPath = "";
			projectRoot = "";
			targets = (
				DA6708781D89991E00CEBD6F /* asdf */,
				DA6708911D89991E00CEBD6F /* asdfTests */,
				DA67089C1D89991F00CEBD6F /* asdfUITests */,
			);
		};
/* End PBXProject section */

/* Begin PBXResourcesBuildPhase section */
		DA6708771D89991E00CEBD6F /* Resources */ = {
			isa = PBXResourcesBuildPhase;
			buildActionMask = 2147483647;
			files = (
				DA67088C1D89991E00CEBD6F /* LaunchScreen.storyboard in Resources */,
				DA6708891D89991E00CEBD6F /* Assets.xcassets in Resources */,
				DA6708871D89991E00CEBD6F /* Main.storyboard in Resources */,
			);
			runOnlyForDeploymentPostprocessing = 0;
		};
		DA6708901D89991E00CEBD6F /* Resources */ = {
			isa = PBXResourcesBuildPhase;
			buildActionMask = 2147483647;
			files = (
			);
			runOnlyForDeploymentPostprocessing = 0;
		};
		DA67089B1D89991F00CEBD6F /* Resources */ = {
			isa = PBXResourcesBuildPhase;
			buildActionMask = 2147483647;
			files = (
			);
			runOnlyForDeploymentPostprocessing = 0;
		};
/* End PBXResourcesBuildPhase section */

/* Begin PBXSourcesBuildPhase section */
		DA6708751D89991E00CEBD6F /* Sources */ = {
			isa = PBXSourcesBuildPhase;
			buildActionMask = 2147483647;
			files = (
				DA6708841D89991E00CEBD6F /* ViewController.m in Sources */,
				DA6708811D89991E00CEBD6F /* AppDelegate.m in Sources */,
				DA67087E1D89991E00CEBD6F /* main.m in Sources */,
			);
			runOnlyForDeploymentPostprocessing = 0;
		};
		DA67088E1D89991E00CEBD6F /* Sources */ = {
			isa = PBXSourcesBuildPhase;
			buildActionMask = 2147483647;
			files = (
				DA6708971D89991F00CEBD6F /* asdfTests.m in Sources */,
			);
			runOnlyForDeploymentPostprocessing = 0;
		};
		DA6708991D89991F00CEBD6F /* Sources */ = {
			isa = PBXSourcesBuildPhase;
			buildActionMask = 2147483647;
			files = (
				DA6708A21D89991F00CEBD6F /* asdfUITests.m in Sources */,
			);
			runOnlyForDeploymentPostprocessing = 0;
		};
/* End PBXSourcesBuildPhase section */

/* Begin PBXTargetDependency section */
		DA6708941D89991E00CEBD6F /* PBXTargetDependency */ = {
			isa = PBXTargetDependency;
			target = DA6708781D89991E00CEBD6F /* asdf */;
			targetProxy = DA6708931D89991E00CEBD6F /* PBXContainerItemProxy */;
		};
		DA67089F1D89991F00CEBD6F /* PBXTargetDependency */ = {
			isa = PBXTargetDependency;
			target = DA6708781D89991E00CEBD6F /* asdf */;
			targetProxy = DA67089E1D89991F00CEBD6F /* PBXContainerItemProxy */;
		};
/* End PBXTargetDependency section */

/* Begin PBXVariantGroup section */
		DA6708851D89991E00CEBD6F /* Main.storyboard */ = {
			isa = PBXVariantGroup;
			children = (
				DA6708861D89991E00CEBD6F /* Base */,
			);
			name = Main.storyboard;
			sourceTree = "<group>";
		};
		DA67088A1D89991E00CEBD6F /* LaunchScreen.storyboard */ = {
			isa = PBXVariantGroup;
			children = (
				DA67088B1D89991E00CEBD6F /* Base */,
			);
			name = LaunchScreen.storyboard;
			sourceTree = "<group>";
		};
/* End PBXVariantGroup section */

/* Begin XCBuildConfiguration section */
		DA6708A41D89991F00CEBD6F /* Debug */ = {
			isa = XCBuildConfiguration;
			buildSettings = {
				ALWAYS_SEARCH_USER_PATHS = NO;
				CLANG_ANALYZER_NONNULL = YES;
				CLANG_CXX_LANGUAGE_STANDARD = "gnu++0x";
				CLANG_CXX_LIBRARY = "libc++";
				CLANG_ENABLE_MODULES = YES;
				CLANG_ENABLE_OBJC_ARC = YES;
				CLANG_WARN_BOOL_CONVERSION = YES;
				CLANG_WARN_CONSTANT_CONVERSION = YES;
				CLANG_WARN_DIRECT_OBJC_ISA_USAGE = YES_ERROR;
				CLANG_WARN_EMPTY_BODY = YES;
				CLANG_WARN_ENUM_CONVERSION = YES;
				CLANG_WARN_INT_CONVERSION = YES;
				CLANG_WARN_OBJC_ROOT_CLASS = YES_ERROR;
				CLANG_WARN_UNREACHABLE_CODE = YES;
				CLANG_WARN__DUPLICATE_METHOD_MATCH = YES;
				"CODE_SIGN_IDENTITY[sdk=iphoneos*]" = "iPhone Developer";
				COPY_PHASE_STRIP = NO;
				DEBUG_INFORMATION_FORMAT = dwarf;
				ENABLE_STRICT_OBJC_MSGSEND = YES;
				ENABLE_TESTABILITY = YES;
				GCC_C_LANGUAGE_STANDARD = gnu99;
				GCC_DYNAMIC_NO_PIC = NO;
				GCC_NO_COMMON_BLOCKS = YES;
				GCC_OPTIMIZATION_LEVEL = 0;
				GCC_PREPROCESSOR_DEFINITIONS = (
					"DEBUG=1",
					"$(inherited)",
				);
				GCC_WARN_64_TO_32_BIT_CONVERSION = YES;
				GCC_WARN_ABOUT_RETURN_TYPE = YES_ERROR;
				GCC_WARN_UNDECLARED_SELECTOR = YES;
				GCC_WARN_UNINITIALIZED_AUTOS = YES_AGGRESSIVE;
				GCC_WARN_UNUSED_FUNCTION = YES;
				GCC_WARN_UNUSED_VARIABLE = YES;
				IPHONEOS_DEPLOYMENT_TARGET = 9.3;
				MTL_ENABLE_DEBUG_INFO = YES;
				ONLY_ACTIVE_ARCH = YES;
				SDKROOT = iphoneos;
				TARGETED_DEVICE_FAMILY = "1,2";
			};
			name = Debug;
		};
		DA6708A51D89991F00CEBD6F /* Release */ = {
			isa = XCBuildConfiguration;
			buildSettings = {
				ALWAYS_SEARCH_USER_PATHS = NO;
				CLANG_ANALYZER_NONNULL = YES;
				CLANG_CXX_LANGUAGE_STANDARD = "gnu++0x";
				CLANG_CXX_LIBRARY = "libc++";
				CLANG_ENABLE_MODULES = YES;
				CLANG_ENABLE_OBJC_ARC = YES;
				CLANG_WARN_BOOL_CONVERSION = YES;
				CLANG_WARN_CONSTANT_CONVERSION = YES;
				CLANG_WARN_DIRECT_OBJC_ISA_USAGE = YES_ERROR;
				CLANG_WARN_EMPTY_BODY = YES;
				CLANG_WARN_ENUM_CONVERSION = YES;
				CLANG_WARN_INT_CONVERSION = YES;
				CLANG_WARN_OBJC_ROOT_CLASS = YES_ERROR;
				CLANG_WARN_UNREACHABLE_CODE = YES;
				CLANG_WARN__DUPLICATE_METHOD_MATCH = YES;
				"CODE_SIGN_IDENTITY[sdk=iphoneos*]" = "iPhone Developer";
				COPY_PHASE_STRIP = NO;
				DEBUG_INFORMATION_FORMAT = "dwarf-with-dsym";
				ENABLE_NS_ASSERTIONS = NO;
				ENABLE_STRICT_OBJC_MSGSEND = YES;
				GCC_C_LANGUAGE_STANDARD = gnu99;
				GCC_NO_COMMON_BLOCKS = YES;
				GCC_WARN_64_TO_32_BIT_CONVERSION = YES;
				GCC_WARN_ABOUT_RETURN_TYPE = YES_ERROR;
				GCC_WARN_UNDECLARED_SELECTOR = YES;
				GCC_WARN_UNINITIALIZED_AUTOS = YES_AGGRESSIVE;
				GCC_WARN_UNUSED_FUNCTION = YES;
				GCC_WARN_UNUSED_VARIABLE = YES;
				IPHONEOS_DEPLOYMENT_TARGET = 9.3;
				MTL_ENABLE_DEBUG_INFO = NO;
				SDKROOT = iphoneos;
				TARGETED_DEVICE_FAMILY = "1,2";
				VALIDATE_PRODUCT = YES;
			};
			name = Release;
		};
		DA6708A71D89991F00CEBD6F /* Debug */ = {
			isa = XCBuildConfiguration;
			buildSettings = {
				ASSETCATALOG_COMPILER_APPICON_NAME = AppIcon;
				INFOPLIST_FILE = asdf/Info.plist;
				LD_RUNPATH_SEARCH_PATHS = "$(inherited) @executable_path/Frameworks";
				PRODUCT_BUNDLE_IDENTIFIER = com.example.asdf;
				PRODUCT_NAME = "$(TARGET_NAME)";
			};
			name = Debug;
		};
		DA6708A81D89991F00CEBD6F /* Release */ = {
			isa = XCBuildConfiguration;
			buildSettings = {
				ASSETCATALOG_COMPILER_APPICON_NAME = AppIcon;
				INFOPLIST_FILE = asdf/Info.plist;
				LD_RUNPATH_SEARCH_PATHS = "$(inherited) @executable_path/Frameworks";
				PRODUCT_BUNDLE_IDENTIFIER = com.example.asdf;
				PRODUCT_NAME = "$(TARGET_NAME)";
			};
			name = Release;
		};
		DA6708AA1D89991F00CEBD6F /* Debug */ = {
			isa = XCBuildConfiguration;
			buildSettings = {
				BUNDLE_LOADER = "$(TEST_HOST)";
				INFOPLIST_FILE = asdfTests/Info.plist;
				LD_RUNPATH_SEARCH_PATHS = "$(inherited) @executable_path/Frameworks @loader_path/Frameworks";
				PRODUCT_BUNDLE_IDENTIFIER = com.example.asdfTests;
				PRODUCT_NAME = "$(TARGET_NAME)";
				TEST_HOST = "$(BUILT_PRODUCTS_DIR)/asdf.app/asdf";
			};
			name = Debug;
		};
		DA6708AB1D89991F00CEBD6F /* Release */ = {
			isa = XCBuildConfiguration;
			buildSettings = {
				BUNDLE_LOADER = "$(TEST_HOST)";
				INFOPLIST_FILE = asdfTests/Info.plist;
				LD_RUNPATH_SEARCH_PATHS = "$(inherited) @executable_path/Frameworks @loader_path/Frameworks";
				PRODUCT_BUNDLE_IDENTIFIER = com.example.asdfTests;
				PRODUCT_NAME = "$(TARGET_NAME)";
				TEST_HOST = "$(BUILT_PRODUCTS_DIR)/asdf.app/asdf";
			};
			name = Release;
		};
		DA6708AD1D89991F00CEBD6F /* Debug */ = {
			isa = XCBuildConfiguration;
			buildSettings = {
				INFOPLIST_FILE = asdfUITests/Info.plist;
				LD_RUNPATH_SEARCH_PATHS = "$(inherited) @executable_path/Frameworks @loader_path/Frameworks";
				PRODUCT_BUNDLE_IDENTIFIER = com.example.asdfUITests;
				PRODUCT_NAME = "$(TARGET_NAME)";
				TEST_TARGET_NAME = asdf;
			};
			name = Debug;
		};
		DA6708AE1D89991F00CEBD6F /* Release */ = {
			isa = XCBuildConfiguration;
			buildSettings = {
				INFOPLIST_FILE = asdfUITests/Info.plist;
				LD_RUNPATH_SEARCH_PATHS = "$(inherited) @executable_path/Frameworks @loader_path/Frameworks";
				PRODUCT_BUNDLE_IDENTIFIER = com.example.asdfUITests;
				PRODUCT_NAME = "$(TARGET_NAME)";
				TEST_TARGET_NAME = asdf;
			};
			name = Release;
		};
/* End XCBuildConfiguration section */

/* Begin XCConfigurationList section */
		DA6708741D89991E00CEBD6F /* Build configuration list for PBXProject "asdf" */ = {
			isa = XCConfigurationList;
			buildConfigurations = (
				DA6708A41D89991F00CEBD6F /* Debug */,
				DA6708A51D89991F00CEBD6F /* Release */,
			);
			defaultConfigurationIsVisible = 0;
			defaultConfigurationName = Release;
		};
		DA6708A61D89991F00CEBD6F /* Build configuration list for PBXNativeTarget "asdf" */ = {
			isa = XCConfigurationList;
			buildConfigurations = (
				DA6708A71D89991F00CEBD6F /* Debug */,
				DA6708A81D89991F00CEBD6F /* Release */,
			);
			defaultConfigurationIsVisible = 0;
		};
		DA6708A91D89991F00CEBD6F /* Build configuration list for PBXNativeTarget "asdfTests" */ = {
			isa = XCConfigurationList;
			buildConfigurations = (
				DA6708AA1D89991F00CEBD6F /* Debug */,
				DA6708AB1D89991F00CEBD6F /* Release */,
			);
			defaultConfigurationIsVisible = 0;
		};
		DA6708AC1D89991F00CEBD6F /* Build configuration list for PBXNativeTarget "asdfUITests" */ = {
			isa = XCConfigurationList;
			buildConfigurations = (
				DA6708AD1D89991F00CEBD6F /* Debug */,
				DA6708AE1D89991F00CEBD6F /* Release */,
			);
			defaultConfigurationIsVisible = 0;
		};
/* End XCConfigurationList section */
	};
	rootObject = DA6708711D89991E00CEBD6F /* Project object */;
}
